// !$*UTF8*$!
{
	archiveVersion = 1;
	classes = {
	};
	objectVersion = 56;
	objects = {

/* Begin PBXBuildFile section */
		F7ED40D22C8630FA0016BC59 /* Finance_MeApp.swift in Sources */ = {isa = PBXBuildFile; fileRef = F7ED40D12C8630FA0016BC59 /* Finance_MeApp.swift */; };
		F7ED40D42C8630FA0016BC59 /* ContentView.swift in Sources */ = {isa = PBXBuildFile; fileRef = F7ED40D32C8630FA0016BC59 /* ContentView.swift */; };
		F7ED40D62C8630FB0016BC59 /* Assets.xcassets in Resources */ = {isa = PBXBuildFile; fileRef = F7ED40D52C8630FB0016BC59 /* Assets.xcassets */; };
		F7ED40D92C8630FB0016BC59 /* Preview Assets.xcassets in Resources */ = {isa = PBXBuildFile; fileRef = F7ED40D82C8630FB0016BC59 /* Preview Assets.xcassets */; };
		F7ED40DB2C8630FB0016BC59 /* Persistence.swift in Sources */ = {isa = PBXBuildFile; fileRef = F7ED40DA2C8630FB0016BC59 /* Persistence.swift */; };
		F7ED40DE2C8630FB0016BC59 /* Finance_Me.xcdatamodeld in Sources */ = {isa = PBXBuildFile; fileRef = F7ED40DC2C8630FB0016BC59 /* Finance_Me.xcdatamodeld */; };
		F7ED40E82C8630FB0016BC59 /* Finance_MeTests.swift in Sources */ = {isa = PBXBuildFile; fileRef = F7ED40E72C8630FB0016BC59 /* Finance_MeTests.swift */; };
		F7ED40F22C8630FB0016BC59 /* Finance_MeUITests.swift in Sources */ = {isa = PBXBuildFile; fileRef = F7ED40F12C8630FB0016BC59 /* Finance_MeUITests.swift */; };
		F7ED40F42C8630FB0016BC59 /* Finance_MeUITestsLaunchTests.swift in Sources */ = {isa = PBXBuildFile; fileRef = F7ED40F32C8630FB0016BC59 /* Finance_MeUITestsLaunchTests.swift */; };
/* End PBXBuildFile section */

/* Begin PBXContainerItemProxy section */
		F7ED40E42C8630FB0016BC59 /* PBXContainerItemProxy */ = {
			isa = PBXContainerItemProxy;
			containerPortal = F7ED40C62C8630FA0016BC59 /* Project object */;
			proxyType = 1;
			remoteGlobalIDString = F7ED40CD2C8630FA0016BC59;
			remoteInfo = "Finance Me";
		};
		F7ED40EE2C8630FB0016BC59 /* PBXContainerItemProxy */ = {
			isa = PBXContainerItemProxy;
			containerPortal = F7ED40C62C8630FA0016BC59 /* Project object */;
			proxyType = 1;
			remoteGlobalIDString = F7ED40CD2C8630FA0016BC59;
			remoteInfo = "Finance Me";
		};
/* End PBXContainerItemProxy section */

/* Begin PBXFileReference section */
		F7ED40CE2C8630FA0016BC59 /* Finance Me.app */ = {isa = PBXFileReference; explicitFileType = wrapper.application; includeInIndex = 0; path = "Finance Me.app"; sourceTree = BUILT_PRODUCTS_DIR; };
		F7ED40D12C8630FA0016BC59 /* Finance_MeApp.swift */ = {isa = PBXFileReference; lastKnownFileType = sourcecode.swift; path = Finance_MeApp.swift; sourceTree = "<group>"; };
		F7ED40D32C8630FA0016BC59 /* ContentView.swift */ = {isa = PBXFileReference; lastKnownFileType = sourcecode.swift; path = ContentView.swift; sourceTree = "<group>"; };
		F7ED40D52C8630FB0016BC59 /* Assets.xcassets */ = {isa = PBXFileReference; lastKnownFileType = folder.assetcatalog; path = Assets.xcassets; sourceTree = "<group>"; };
		F7ED40D82C8630FB0016BC59 /* Preview Assets.xcassets */ = {isa = PBXFileReference; lastKnownFileType = folder.assetcatalog; path = "Preview Assets.xcassets"; sourceTree = "<group>"; };
		F7ED40DA2C8630FB0016BC59 /* Persistence.swift */ = {isa = PBXFileReference; lastKnownFileType = sourcecode.swift; path = Persistence.swift; sourceTree = "<group>"; };
		F7ED40DD2C8630FB0016BC59 /* Finance_Me.xcdatamodel */ = {isa = PBXFileReference; lastKnownFileType = wrapper.xcdatamodel; path = Finance_Me.xcdatamodel; sourceTree = "<group>"; };
		F7ED40E32C8630FB0016BC59 /* Finance MeTests.xctest */ = {isa = PBXFileReference; explicitFileType = wrapper.cfbundle; includeInIndex = 0; path = "Finance MeTests.xctest"; sourceTree = BUILT_PRODUCTS_DIR; };
		F7ED40E72C8630FB0016BC59 /* Finance_MeTests.swift */ = {isa = PBXFileReference; lastKnownFileType = sourcecode.swift; path = Finance_MeTests.swift; sourceTree = "<group>"; };
		F7ED40ED2C8630FB0016BC59 /* Finance MeUITests.xctest */ = {isa = PBXFileReference; explicitFileType = wrapper.cfbundle; includeInIndex = 0; path = "Finance MeUITests.xctest"; sourceTree = BUILT_PRODUCTS_DIR; };
		F7ED40F12C8630FB0016BC59 /* Finance_MeUITests.swift */ = {isa = PBXFileReference; lastKnownFileType = sourcecode.swift; path = Finance_MeUITests.swift; sourceTree = "<group>"; };
		F7ED40F32C8630FB0016BC59 /* Finance_MeUITestsLaunchTests.swift */ = {isa = PBXFileReference; lastKnownFileType = sourcecode.swift; path = Finance_MeUITestsLaunchTests.swift; sourceTree = "<group>"; };
/* End PBXFileReference section */

/* Begin PBXFrameworksBuildPhase section */
		F7ED40CB2C8630FA0016BC59 /* Frameworks */ = {
			isa = PBXFrameworksBuildPhase;
			buildActionMask = 2147483647;
			files = (
			);
			runOnlyForDeploymentPostprocessing = 0;
		};
		F7ED40E02C8630FB0016BC59 /* Frameworks */ = {
			isa = PBXFrameworksBuildPhase;
			buildActionMask = 2147483647;
			files = (
			);
			runOnlyForDeploymentPostprocessing = 0;
		};
		F7ED40EA2C8630FB0016BC59 /* Frameworks */ = {
			isa = PBXFrameworksBuildPhase;
			buildActionMask = 2147483647;
			files = (
			);
			runOnlyForDeploymentPostprocessing = 0;
		};
/* End PBXFrameworksBuildPhase section */

/* Begin PBXGroup section */
		F7ED40C52C8630FA0016BC59 = {
			isa = PBXGroup;
			children = (
				F7ED40D02C8630FA0016BC59 /* Finance Me */,
				F7ED40E62C8630FB0016BC59 /* Finance MeTests */,
				F7ED40F02C8630FB0016BC59 /* Finance MeUITests */,
				F7ED40CF2C8630FA0016BC59 /* Products */,
			);
			sourceTree = "<group>";
		};
		F7ED40CF2C8630FA0016BC59 /* Products */ = {
			isa = PBXGroup;
			children = (
				F7ED40CE2C8630FA0016BC59 /* Finance Me.app */,
				F7ED40E32C8630FB0016BC59 /* Finance MeTests.xctest */,
				F7ED40ED2C8630FB0016BC59 /* Finance MeUITests.xctest */,
			);
			name = Products;
			sourceTree = "<group>";
		};
		F7ED40D02C8630FA0016BC59 /* Finance Me */ = {
			isa = PBXGroup;
			children = (
				F7ED40D12C8630FA0016BC59 /* Finance_MeApp.swift */,
				F7ED40D32C8630FA0016BC59 /* ContentView.swift */,
				F7ED40D52C8630FB0016BC59 /* Assets.xcassets */,
				F7ED40DA2C8630FB0016BC59 /* Persistence.swift */,
				F7ED40DC2C8630FB0016BC59 /* Finance_Me.xcdatamodeld */,
				F7ED40D72C8630FB0016BC59 /* Preview Content */,
			);
			path = "Finance Me";
			sourceTree = "<group>";
		};
		F7ED40D72C8630FB0016BC59 /* Preview Content */ = {
			isa = PBXGroup;
			children = (
				F7ED40D82C8630FB0016BC59 /* Preview Assets.xcassets */,
			);
			path = "Preview Content";
			sourceTree = "<group>";
		};
		F7ED40E62C8630FB0016BC59 /* Finance MeTests */ = {
			isa = PBXGroup;
			children = (
				F7ED40E72C8630FB0016BC59 /* Finance_MeTests.swift */,
			);
			path = "Finance MeTests";
			sourceTree = "<group>";
		};
		F7ED40F02C8630FB0016BC59 /* Finance MeUITests */ = {
			isa = PBXGroup;
			children = (
				F7ED40F12C8630FB0016BC59 /* Finance_MeUITests.swift */,
				F7ED40F32C8630FB0016BC59 /* Finance_MeUITestsLaunchTests.swift */,
			);
			path = "Finance MeUITests";
			sourceTree = "<group>";
		};
/* End PBXGroup section */

/* Begin PBXNativeTarget section */
		F7ED40CD2C8630FA0016BC59 /* Finance Me */ = {
			isa = PBXNativeTarget;
			buildConfigurationList = F7ED40F72C8630FB0016BC59 /* Build configuration list for PBXNativeTarget "Finance Me" */;
			buildPhases = (
				F7ED40CA2C8630FA0016BC59 /* Sources */,
				F7ED40CB2C8630FA0016BC59 /* Frameworks */,
				F7ED40CC2C8630FA0016BC59 /* Resources */,
			);
			buildRules = (
			);
			dependencies = (
			);
			name = "Finance Me";
			productName = "Finance Me";
			productReference = F7ED40CE2C8630FA0016BC59 /* Finance Me.app */;
			productType = "com.apple.product-type.application";
		};
		F7ED40E22C8630FB0016BC59 /* Finance MeTests */ = {
			isa = PBXNativeTarget;
			buildConfigurationList = F7ED40FA2C8630FB0016BC59 /* Build configuration list for PBXNativeTarget "Finance MeTests" */;
			buildPhases = (
				F7ED40DF2C8630FB0016BC59 /* Sources */,
				F7ED40E02C8630FB0016BC59 /* Frameworks */,
				F7ED40E12C8630FB0016BC59 /* Resources */,
			);
			buildRules = (
			);
			dependencies = (
				F7ED40E52C8630FB0016BC59 /* PBXTargetDependency */,
			);
			name = "Finance MeTests";
			productName = "Finance MeTests";
			productReference = F7ED40E32C8630FB0016BC59 /* Finance MeTests.xctest */;
			productType = "com.apple.product-type.bundle.unit-test";
		};
		F7ED40EC2C8630FB0016BC59 /* Finance MeUITests */ = {
			isa = PBXNativeTarget;
			buildConfigurationList = F7ED40FD2C8630FB0016BC59 /* Build configuration list for PBXNativeTarget "Finance MeUITests" */;
			buildPhases = (
				F7ED40E92C8630FB0016BC59 /* Sources */,
				F7ED40EA2C8630FB0016BC59 /* Frameworks */,
				F7ED40EB2C8630FB0016BC59 /* Resources */,
			);
			buildRules = (
			);
			dependencies = (
				F7ED40EF2C8630FB0016BC59 /* PBXTargetDependency */,
			);
			name = "Finance MeUITests";
			productName = "Finance MeUITests";
			productReference = F7ED40ED2C8630FB0016BC59 /* Finance MeUITests.xctest */;
			productType = "com.apple.product-type.bundle.ui-testing";
		};
/* End PBXNativeTarget section */

/* Begin PBXProject section */
		F7ED40C62C8630FA0016BC59 /* Project object */ = {
			isa = PBXProject;
			attributes = {
				BuildIndependentTargetsInParallel = 1;
				LastSwiftUpdateCheck = 1540;
				LastUpgradeCheck = 1540;
				TargetAttributes = {
					F7ED40CD2C8630FA0016BC59 = {
						CreatedOnToolsVersion = 15.4;
					};
					F7ED40E22C8630FB0016BC59 = {
						CreatedOnToolsVersion = 15.4;
						TestTargetID = F7ED40CD2C8630FA0016BC59;
					};
					F7ED40EC2C8630FB0016BC59 = {
						CreatedOnToolsVersion = 15.4;
						TestTargetID = F7ED40CD2C8630FA0016BC59;
					};
				};
			};
			buildConfigurationList = F7ED40C92C8630FA0016BC59 /* Build configuration list for PBXProject "Finance Me" */;
			compatibilityVersion = "Xcode 14.0";
			developmentRegion = en;
			hasScannedForEncodings = 0;
			knownRegions = (
				en,
				Base,
			);
			mainGroup = F7ED40C52C8630FA0016BC59;
			productRefGroup = F7ED40CF2C8630FA0016BC59 /* Products */;
			projectDirPath = "";
			projectRoot = "";
			targets = (
				F7ED40CD2C8630FA0016BC59 /* Finance Me */,
				F7ED40E22C8630FB0016BC59 /* Finance MeTests */,
				F7ED40EC2C8630FB0016BC59 /* Finance MeUITests */,
			);
		};
/* End PBXProject section */

/* Begin PBXResourcesBuildPhase section */
		F7ED40CC2C8630FA0016BC59 /* Resources */ = {
			isa = PBXResourcesBuildPhase;
			buildActionMask = 2147483647;
			files = (
				F7ED40D92C8630FB0016BC59 /* Preview Assets.xcassets in Resources */,
				F7ED40D62C8630FB0016BC59 /* Assets.xcassets in Resources */,
			);
			runOnlyForDeploymentPostprocessing = 0;
		};
		F7ED40E12C8630FB0016BC59 /* Resources */ = {
			isa = PBXResourcesBuildPhase;
			buildActionMask = 2147483647;
			files = (
			);
			runOnlyForDeploymentPostprocessing = 0;
		};
		F7ED40EB2C8630FB0016BC59 /* Resources */ = {
			isa = PBXResourcesBuildPhase;
			buildActionMask = 2147483647;
			files = (
			);
			runOnlyForDeploymentPostprocessing = 0;
		};
/* End PBXResourcesBuildPhase section */

/* Begin PBXSourcesBuildPhase section */
		F7ED40CA2C8630FA0016BC59 /* Sources */ = {
			isa = PBXSourcesBuildPhase;
			buildActionMask = 2147483647;
			files = (
				F7ED40DE2C8630FB0016BC59 /* Finance_Me.xcdatamodeld in Sources */,
				F7ED40DB2C8630FB0016BC59 /* Persistence.swift in Sources */,
				F7ED40D42C8630FA0016BC59 /* ContentView.swift in Sources */,
				F7ED40D22C8630FA0016BC59 /* Finance_MeApp.swift in Sources */,
			);
			runOnlyForDeploymentPostprocessing = 0;
		};
		F7ED40DF2C8630FB0016BC59 /* Sources */ = {
			isa = PBXSourcesBuildPhase;
			buildActionMask = 2147483647;
			files = (
				F7ED40E82C8630FB0016BC59 /* Finance_MeTests.swift in Sources */,
			);
			runOnlyForDeploymentPostprocessing = 0;
		};
		F7ED40E92C8630FB0016BC59 /* Sources */ = {
			isa = PBXSourcesBuildPhase;
			buildActionMask = 2147483647;
			files = (
				F7ED40F22C8630FB0016BC59 /* Finance_MeUITests.swift in Sources */,
				F7ED40F42C8630FB0016BC59 /* Finance_MeUITestsLaunchTests.swift in Sources */,
			);
			runOnlyForDeploymentPostprocessing = 0;
		};
/* End PBXSourcesBuildPhase section */

/* Begin PBXTargetDependency section */
		F7ED40E52C8630FB0016BC59 /* PBXTargetDependency */ = {
			isa = PBXTargetDependency;
			target = F7ED40CD2C8630FA0016BC59 /* Finance Me */;
			targetProxy = F7ED40E42C8630FB0016BC59 /* PBXContainerItemProxy */;
		};
		F7ED40EF2C8630FB0016BC59 /* PBXTargetDependency */ = {
			isa = PBXTargetDependency;
			target = F7ED40CD2C8630FA0016BC59 /* Finance Me */;
			targetProxy = F7ED40EE2C8630FB0016BC59 /* PBXContainerItemProxy */;
		};
/* End PBXTargetDependency section */

/* Begin XCBuildConfiguration section */
		F7ED40F52C8630FB0016BC59 /* Debug */ = {
			isa = XCBuildConfiguration;
			buildSettings = {
				ALWAYS_SEARCH_USER_PATHS = NO;
				ASSETCATALOG_COMPILER_GENERATE_SWIFT_ASSET_SYMBOL_EXTENSIONS = YES;
				CLANG_ANALYZER_NONNULL = YES;
				CLANG_ANALYZER_NUMBER_OBJECT_CONVERSION = YES_AGGRESSIVE;
				CLANG_CXX_LANGUAGE_STANDARD = "gnu++20";
				CLANG_ENABLE_MODULES = YES;
				CLANG_ENABLE_OBJC_ARC = YES;
				CLANG_ENABLE_OBJC_WEAK = YES;
				CLANG_WARN_BLOCK_CAPTURE_AUTORELEASING = YES;
				CLANG_WARN_BOOL_CONVERSION = YES;
				CLANG_WARN_COMMA = YES;
				CLANG_WARN_CONSTANT_CONVERSION = YES;
				CLANG_WARN_DEPRECATED_OBJC_IMPLEMENTATIONS = YES;
				CLANG_WARN_DIRECT_OBJC_ISA_USAGE = YES_ERROR;
				CLANG_WARN_DOCUMENTATION_COMMENTS = YES;
				CLANG_WARN_EMPTY_BODY = YES;
				CLANG_WARN_ENUM_CONVERSION = YES;
				CLANG_WARN_INFINITE_RECURSION = YES;
				CLANG_WARN_INT_CONVERSION = YES;
				CLANG_WARN_NON_LITERAL_NULL_CONVERSION = YES;
				CLANG_WARN_OBJC_IMPLICIT_RETAIN_SELF = YES;
				CLANG_WARN_OBJC_LITERAL_CONVERSION = YES;
				CLANG_WARN_OBJC_ROOT_CLASS = YES_ERROR;
				CLANG_WARN_QUOTED_INCLUDE_IN_FRAMEWORK_HEADER = YES;
				CLANG_WARN_RANGE_LOOP_ANALYSIS = YES;
				CLANG_WARN_STRICT_PROTOTYPES = YES;
				CLANG_WARN_SUSPICIOUS_MOVE = YES;
				CLANG_WARN_UNGUARDED_AVAILABILITY = YES_AGGRESSIVE;
				CLANG_WARN_UNREACHABLE_CODE = YES;
				CLANG_WARN__DUPLICATE_METHOD_MATCH = YES;
				COPY_PHASE_STRIP = NO;
				DEBUG_INFORMATION_FORMAT = dwarf;
				ENABLE_STRICT_OBJC_MSGSEND = YES;
				ENABLE_TESTABILITY = YES;
				ENABLE_USER_SCRIPT_SANDBOXING = YES;
				GCC_C_LANGUAGE_STANDARD = gnu17;
				GCC_DYNAMIC_NO_PIC = NO;
				GCC_NO_COMMON_BLOCKS = YES;
				GCC_OPTIMIZATION_LEVEL = 0;
				GCC_PREPROCESSOR_DEFINITIONS = (
					"DEBUG=1",
					"$(inherited)",
				);
				GCC_WARN_64_TO_32_BIT_CONVERSION = YES;
				GCC_WARN_ABOUT_RETURN_TYPE = YES_ERROR;
				GCC_WARN_UNDECLARED_SELECTOR = YES;
				GCC_WARN_UNINITIALIZED_AUTOS = YES_AGGRESSIVE;
				GCC_WARN_UNUSED_FUNCTION = YES;
				GCC_WARN_UNUSED_VARIABLE = YES;
				IPHONEOS_DEPLOYMENT_TARGET = 17.5;
				LOCALIZATION_PREFERS_STRING_CATALOGS = YES;
				MTL_ENABLE_DEBUG_INFO = INCLUDE_SOURCE;
				MTL_FAST_MATH = YES;
				ONLY_ACTIVE_ARCH = YES;
				SDKROOT = iphoneos;
				SWIFT_ACTIVE_COMPILATION_CONDITIONS = "DEBUG $(inherited)";
				SWIFT_OPTIMIZATION_LEVEL = "-Onone";
			};
			name = Debug;
		};
		F7ED40F62C8630FB0016BC59 /* Release */ = {
			isa = XCBuildConfiguration;
			buildSettings = {
				ALWAYS_SEARCH_USER_PATHS = NO;
				ASSETCATALOG_COMPILER_GENERATE_SWIFT_ASSET_SYMBOL_EXTENSIONS = YES;
				CLANG_ANALYZER_NONNULL = YES;
				CLANG_ANALYZER_NUMBER_OBJECT_CONVERSION = YES_AGGRESSIVE;
				CLANG_CXX_LANGUAGE_STANDARD = "gnu++20";
				CLANG_ENABLE_MODULES = YES;
				CLANG_ENABLE_OBJC_ARC = YES;
				CLANG_ENABLE_OBJC_WEAK = YES;
				CLANG_WARN_BLOCK_CAPTURE_AUTORELEASING = YES;
				CLANG_WARN_BOOL_CONVERSION = YES;
				CLANG_WARN_COMMA = YES;
				CLANG_WARN_CONSTANT_CONVERSION = YES;
				CLANG_WARN_DEPRECATED_OBJC_IMPLEMENTATIONS = YES;
				CLANG_WARN_DIRECT_OBJC_ISA_USAGE = YES_ERROR;
				CLANG_WARN_DOCUMENTATION_COMMENTS = YES;
				CLANG_WARN_EMPTY_BODY = YES;
				CLANG_WARN_ENUM_CONVERSION = YES;
				CLANG_WARN_INFINITE_RECURSION = YES;
				CLANG_WARN_INT_CONVERSION = YES;
				CLANG_WARN_NON_LITERAL_NULL_CONVERSION = YES;
				CLANG_WARN_OBJC_IMPLICIT_RETAIN_SELF = YES;
				CLANG_WARN_OBJC_LITERAL_CONVERSION = YES;
				CLANG_WARN_OBJC_ROOT_CLASS = YES_ERROR;
				CLANG_WARN_QUOTED_INCLUDE_IN_FRAMEWORK_HEADER = YES;
				CLANG_WARN_RANGE_LOOP_ANALYSIS = YES;
				CLANG_WARN_STRICT_PROTOTYPES = YES;
				CLANG_WARN_SUSPICIOUS_MOVE = YES;
				CLANG_WARN_UNGUARDED_AVAILABILITY = YES_AGGRESSIVE;
				CLANG_WARN_UNREACHABLE_CODE = YES;
				CLANG_WARN__DUPLICATE_METHOD_MATCH = YES;
				COPY_PHASE_STRIP = NO;
				DEBUG_INFORMATION_FORMAT = "dwarf-with-dsym";
				ENABLE_NS_ASSERTIONS = NO;
				ENABLE_STRICT_OBJC_MSGSEND = YES;
				ENABLE_USER_SCRIPT_SANDBOXING = YES;
				GCC_C_LANGUAGE_STANDARD = gnu17;
				GCC_NO_COMMON_BLOCKS = YES;
				GCC_WARN_64_TO_32_BIT_CONVERSION = YES;
				GCC_WARN_ABOUT_RETURN_TYPE = YES_ERROR;
				GCC_WARN_UNDECLARED_SELECTOR = YES;
				GCC_WARN_UNINITIALIZED_AUTOS = YES_AGGRESSIVE;
				GCC_WARN_UNUSED_FUNCTION = YES;
				GCC_WARN_UNUSED_VARIABLE = YES;
				IPHONEOS_DEPLOYMENT_TARGET = 17.5;
				LOCALIZATION_PREFERS_STRING_CATALOGS = YES;
				MTL_ENABLE_DEBUG_INFO = NO;
				MTL_FAST_MATH = YES;
				SDKROOT = iphoneos;
				SWIFT_COMPILATION_MODE = wholemodule;
				VALIDATE_PRODUCT = YES;
			};
			name = Release;
		};
		F7ED40F82C8630FB0016BC59 /* Debug */ = {
			isa = XCBuildConfiguration;
			buildSettings = {
				ASSETCATALOG_COMPILER_APPICON_NAME = AppIcon;
				ASSETCATALOG_COMPILER_GLOBAL_ACCENT_COLOR_NAME = AccentColor;
				CODE_SIGN_STYLE = Automatic;
				CURRENT_PROJECT_VERSION = 1;
				DEVELOPMENT_ASSET_PATHS = "\"Finance Me/Preview Content\"";
				DEVELOPMENT_TEAM = ZSJYZ5THM2;
				ENABLE_PREVIEWS = YES;
				GENERATE_INFOPLIST_FILE = YES;
				INFOPLIST_KEY_UIApplicationSceneManifest_Generation = YES;
				INFOPLIST_KEY_UIApplicationSupportsIndirectInputEvents = YES;
				INFOPLIST_KEY_UILaunchScreen_Generation = YES;
				INFOPLIST_KEY_UISupportedInterfaceOrientations_iPad = "UIInterfaceOrientationPortrait UIInterfaceOrientationPortraitUpsideDown UIInterfaceOrientationLandscapeLeft UIInterfaceOrientationLandscapeRight";
				INFOPLIST_KEY_UISupportedInterfaceOrientations_iPhone = "UIInterfaceOrientationPortrait UIInterfaceOrientationLandscapeLeft UIInterfaceOrientationLandscapeRight";
				LD_RUNPATH_SEARCH_PATHS = (
					"$(inherited)",
					"@executable_path/Frameworks",
				);
				MARKETING_VERSION = 1.0;
				PRODUCT_BUNDLE_IDENTIFIER = "Vania.Finance-Me";
				PRODUCT_NAME = "$(TARGET_NAME)";
				SWIFT_EMIT_LOC_STRINGS = YES;
				SWIFT_VERSION = 5.0;
				TARGETED_DEVICE_FAMILY = "1,2";
			};
			name = Debug;
		};
		F7ED40F92C8630FB0016BC59 /* Release */ = {
			isa = XCBuildConfiguration;
			buildSettings = {
				ASSETCATALOG_COMPILER_APPICON_NAME = AppIcon;
				ASSETCATALOG_COMPILER_GLOBAL_ACCENT_COLOR_NAME = AccentColor;
				CODE_SIGN_STYLE = Automatic;
				CURRENT_PROJECT_VERSION = 1;
				DEVELOPMENT_ASSET_PATHS = "\"Finance Me/Preview Content\"";
				DEVELOPMENT_TEAM = ZSJYZ5THM2;
				ENABLE_PREVIEWS = YES;
				GENERATE_INFOPLIST_FILE = YES;
				INFOPLIST_KEY_UIApplicationSceneManifest_Generation = YES;
				INFOPLIST_KEY_UIApplicationSupportsIndirectInputEvents = YES;
				INFOPLIST_KEY_UILaunchScreen_Generation = YES;
				INFOPLIST_KEY_UISupportedInterfaceOrientations_iPad = "UIInterfaceOrientationPortrait UIInterfaceOrientationPortraitUpsideDown UIInterfaceOrientationLandscapeLeft UIInterfaceOrientationLandscapeRight";
				INFOPLIST_KEY_UISupportedInterfaceOrientations_iPhone = "UIInterfaceOrientationPortrait UIInterfaceOrientationLandscapeLeft UIInterfaceOrientationLandscapeRight";
				LD_RUNPATH_SEARCH_PATHS = (
					"$(inherited)",
					"@executable_path/Frameworks",
				);
				MARKETING_VERSION = 1.0;
				PRODUCT_BUNDLE_IDENTIFIER = "Vania.Finance-Me";
				PRODUCT_NAME = "$(TARGET_NAME)";
				SWIFT_EMIT_LOC_STRINGS = YES;
				SWIFT_VERSION = 5.0;
				TARGETED_DEVICE_FAMILY = "1,2";
			};
			name = Release;
		};
		F7ED40FB2C8630FB0016BC59 /* Debug */ = {
			isa = XCBuildConfiguration;
			buildSettings = {
				ALWAYS_EMBED_SWIFT_STANDARD_LIBRARIES = YES;
				BUNDLE_LOADER = "$(TEST_HOST)";
				CODE_SIGN_STYLE = Automatic;
				CURRENT_PROJECT_VERSION = 1;
				DEVELOPMENT_TEAM = ZSJYZ5THM2;
				GENERATE_INFOPLIST_FILE = YES;
				IPHONEOS_DEPLOYMENT_TARGET = 17.5;
				MARKETING_VERSION = 1.0;
				PRODUCT_BUNDLE_IDENTIFIER = "Vania.Finance-MeTests";
				PRODUCT_NAME = "$(TARGET_NAME)";
				SWIFT_EMIT_LOC_STRINGS = NO;
				SWIFT_VERSION = 5.0;
				TARGETED_DEVICE_FAMILY = "1,2";
				TEST_HOST = "$(BUILT_PRODUCTS_DIR)/Finance Me.app/$(BUNDLE_EXECUTABLE_FOLDER_PATH)/Finance Me";
			};
			name = Debug;
		};
		F7ED40FC2C8630FB0016BC59 /* Release */ = {
			isa = XCBuildConfiguration;
			buildSettings = {
				ALWAYS_EMBED_SWIFT_STANDARD_LIBRARIES = YES;
				BUNDLE_LOADER = "$(TEST_HOST)";
				CODE_SIGN_STYLE = Automatic;
				CURRENT_PROJECT_VERSION = 1;
				DEVELOPMENT_TEAM = ZSJYZ5THM2;
				GENERATE_INFOPLIST_FILE = YES;
				IPHONEOS_DEPLOYMENT_TARGET = 17.5;
				MARKETING_VERSION = 1.0;
				PRODUCT_BUNDLE_IDENTIFIER = "Vania.Finance-MeTests";
				PRODUCT_NAME = "$(TARGET_NAME)";
				SWIFT_EMIT_LOC_STRINGS = NO;
				SWIFT_VERSION = 5.0;
				TARGETED_DEVICE_FAMILY = "1,2";
				TEST_HOST = "$(BUILT_PRODUCTS_DIR)/Finance Me.app/$(BUNDLE_EXECUTABLE_FOLDER_PATH)/Finance Me";
			};
			name = Release;
		};
		F7ED40FE2C8630FB0016BC59 /* Debug */ = {
			isa = XCBuildConfiguration;
			buildSettings = {
				ALWAYS_EMBED_SWIFT_STANDARD_LIBRARIES = YES;
				CODE_SIGN_STYLE = Automatic;
				CURRENT_PROJECT_VERSION = 1;
				DEVELOPMENT_TEAM = ZSJYZ5THM2;
				GENERATE_INFOPLIST_FILE = YES;
				MARKETING_VERSION = 1.0;
				PRODUCT_BUNDLE_IDENTIFIER = "Vania.Finance-MeUITests";
				PRODUCT_NAME = "$(TARGET_NAME)";
				SWIFT_EMIT_LOC_STRINGS = NO;
				SWIFT_VERSION = 5.0;
				TARGETED_DEVICE_FAMILY = "1,2";
				TEST_TARGET_NAME = "Finance Me";
			};
			name = Debug;
		};
		F7ED40FF2C8630FB0016BC59 /* Release */ = {
			isa = XCBuildConfiguration;
			buildSettings = {
				ALWAYS_EMBED_SWIFT_STANDARD_LIBRARIES = YES;
				CODE_SIGN_STYLE = Automatic;
				CURRENT_PROJECT_VERSION = 1;
				DEVELOPMENT_TEAM = ZSJYZ5THM2;
				GENERATE_INFOPLIST_FILE = YES;
				MARKETING_VERSION = 1.0;
				PRODUCT_BUNDLE_IDENTIFIER = "Vania.Finance-MeUITests";
				PRODUCT_NAME = "$(TARGET_NAME)";
				SWIFT_EMIT_LOC_STRINGS = NO;
				SWIFT_VERSION = 5.0;
				TARGETED_DEVICE_FAMILY = "1,2";
				TEST_TARGET_NAME = "Finance Me";
			};
			name = Release;
		};
/* End XCBuildConfiguration section */

/* Begin XCConfigurationList section */
		F7ED40C92C8630FA0016BC59 /* Build configuration list for PBXProject "Finance Me" */ = {
			isa = XCConfigurationList;
			buildConfigurations = (
				F7ED40F52C8630FB0016BC59 /* Debug */,
				F7ED40F62C8630FB0016BC59 /* Release */,
			);
			defaultConfigurationIsVisible = 0;
			defaultConfigurationName = Release;
		};
		F7ED40F72C8630FB0016BC59 /* Build configuration list for PBXNativeTarget "Finance Me" */ = {
			isa = XCConfigurationList;
			buildConfigurations = (
				F7ED40F82C8630FB0016BC59 /* Debug */,
				F7ED40F92C8630FB0016BC59 /* Release */,
			);
			defaultConfigurationIsVisible = 0;
			defaultConfigurationName = Release;
		};
		F7ED40FA2C8630FB0016BC59 /* Build configuration list for PBXNativeTarget "Finance MeTests" */ = {
			isa = XCConfigurationList;
			buildConfigurations = (
				F7ED40FB2C8630FB0016BC59 /* Debug */,
				F7ED40FC2C8630FB0016BC59 /* Release */,
			);
			defaultConfigurationIsVisible = 0;
			defaultConfigurationName = Release;
		};
		F7ED40FD2C8630FB0016BC59 /* Build configuration list for PBXNativeTarget "Finance MeUITests" */ = {
			isa = XCConfigurationList;
			buildConfigurations = (
				F7ED40FE2C8630FB0016BC59 /* Debug */,
				F7ED40FF2C8630FB0016BC59 /* Release */,
			);
			defaultConfigurationIsVisible = 0;
			defaultConfigurationName = Release;
		};
/* End XCConfigurationList section */

/* Begin XCVersionGroup section */
		F7ED40DC2C8630FB0016BC59 /* Finance_Me.xcdatamodeld */ = {
			isa = XCVersionGroup;
			children = (
				F7ED40DD2C8630FB0016BC59 /* Finance_Me.xcdatamodel */,
			);
			currentVersion = F7ED40DD2C8630FB0016BC59 /* Finance_Me.xcdatamodel */;
			path = Finance_Me.xcdatamodeld;
			sourceTree = "<group>";
			versionGroupType = wrapper.xcdatamodel;
		};
/* End XCVersionGroup section */
	};
	rootObject = F7ED40C62C8630FA0016BC59 /* Project object */;
}
